
Microsoft Visual Studio Solution File, Format Version 12.00
# Visual Studio Version 17
VisualStudioVersion = 17.9.34622.214
MinimumVisualStudioVersion = 10.0.40219.1
Project("{FAE04EC0-301F-11D3-BF4B-00C04F79EFBC}") = "Excersice_Man_Without-Fingers", "Excersice_Man_Without-Fingers.csproj", "{2ECBB880-A019-4968-8861-0701A03CF555}"
EndProject
Global
	GlobalSection(SolutionConfigurationPlatforms) = preSolution
		Debug|Any CPU = Debug|Any CPU
		Release|Any CPU = Release|Any CPU
	EndGlobalSection
	GlobalSection(ProjectConfigurationPlatforms) = postSolution
		{2ECBB880-A019-4968-8861-0701A03CF555}.Debug|Any CPU.ActiveCfg = Debug|Any CPU
		{2ECBB880-A019-4968-8861-0701A03CF555}.Debug|Any CPU.Build.0 = Debug|Any CPU
		{2ECBB880-A019-4968-8861-0701A03CF555}.Release|Any CPU.ActiveCfg = Release|Any CPU
		{2ECBB880-A019-4968-8861-0701A03CF555}.Release|Any CPU.Build.0 = Release|Any CPU
	EndGlobalSection
	GlobalSection(SolutionProperties) = preSolution
		HideSolutionNode = FALSE
	EndGlobalSection
	GlobalSection(ExtensibilityGlobals) = postSolution
		SolutionGuid = {8B6FA8A5-757B-4C10-8B11-319F1D9301CA}
	EndGlobalSection
EndGlobal
